
Microsoft Visual Studio Solution File, Format Version 12.00
# Visual Studio Version 16
VisualStudioVersion = 16.0.29215.179
MinimumVisualStudioVersion = 10.0.40219.1
Project("{FAE04EC0-301F-11D3-BF4B-00C04F79EFBC}") = "MCHomem.Poc.PdfSharp", "MCHomem.Poc.PdfSharp\MCHomem.Poc.PdfSharp.csproj", "{53F8444F-F278-49BF-B445-607899A932FB}"
EndProject
Global
	GlobalSection(SolutionConfigurationPlatforms) = preSolution
		Debug|Any CPU = Debug|Any CPU
		Release|Any CPU = Release|Any CPU
	EndGlobalSection
	GlobalSection(ProjectConfigurationPlatforms) = postSolution
		{53F8444F-F278-49BF-B445-607899A932FB}.Debug|Any CPU.ActiveCfg = Debug|Any CPU
		{53F8444F-F278-49BF-B445-607899A932FB}.Debug|Any CPU.Build.0 = Debug|Any CPU
		{53F8444F-F278-49BF-B445-607899A932FB}.Release|Any CPU.ActiveCfg = Release|Any CPU
		{53F8444F-F278-49BF-B445-607899A932FB}.Release|Any CPU.Build.0 = Release|Any CPU
	EndGlobalSection
	GlobalSection(SolutionProperties) = preSolution
		HideSolutionNode = FALSE
	EndGlobalSection
	GlobalSection(ExtensibilityGlobals) = postSolution
		SolutionGuid = {05554F03-A1A9-422C-B6B9-7FDDDFA83C83}
	EndGlobalSection
EndGlobal
